{
  "nodes": {
    "home-manager": {
      "inputs": {
        "nixpkgs": [
          "nixpkgs"
        ]
      },
      "locked": {
        "lastModified": 1693399033,
        "narHash": "sha256-yXhiMo8MnE86sGtPIHAKaLHhmhe8v9tqGGotlUgKJvY=",
        "owner": "nix-community",
        "repo": "home-manager",
        "rev": "f5c15668f9842dd4d5430787d6aa8a28a07f7c10",
        "type": "github"
      },
      "original": {
        "owner": "nix-community",
        "repo": "home-manager",
        "type": "github"
      }
    },
    "nixpkgs": {
      "locked": {
        "lastModified": 1693341273,
        "narHash": "sha256-wrsPjsIx2767909MPGhSIOmkpGELM9eufqLQOPxmZQg=",
        "owner": "NixOS",
        "repo": "nixpkgs",
        "rev": "2ab91c8d65c00fd22a441c69bbf1bc9b420d5ea1",
        "type": "github"
      },
      "original": {
        "owner": "NixOS",
        "ref": "nixos-23.05",
        "repo": "nixpkgs",
        "type": "github"
      }
    },
    "root": {
      "inputs": {
        "home-manager": "home-manager",
        "nixpkgs": "nixpkgs"
      }
    }
  },
  "root": "root",
  "version": 7
}
